// !$*UTF8*$!
{
	archiveVersion = 1;
	classes = {
	};
	objectVersion = 56;
	objects = {

/* Begin PBXBuildFile section */
		1F1A8639295CB6BD003E5F1E /* tree_ex.cpp in Sources */ = {isa = PBXBuildFile; fileRef = 1F1A8638295CB6BD003E5F1E /* tree_ex.cpp */; };
		1F1BD3E32922803D00EB0B7C /* recursiveDigitSum_ex.cpp in Sources */ = {isa = PBXBuildFile; fileRef = 1F1BD3E12922803D00EB0B7C /* recursiveDigitSum_ex.cpp */; };
		1F662085291E471300A6C45D /* primeDates_ex.cpp in Sources */ = {isa = PBXBuildFile; fileRef = 1F662083291E471300A6C45D /* primeDates_ex.cpp */; };
		1FC6B6832913A8440090AB83 /* main.cpp in Sources */ = {isa = PBXBuildFile; fileRef = 1FC6B6822913A8440090AB83 /* main.cpp */; };
		1FD08EB129897BA00096659E /* stack_ex.cpp in Sources */ = {isa = PBXBuildFile; fileRef = 1FD08EAF29897BA00096659E /* stack_ex.cpp */; };
		1FD5B1EA291AAC0700A14D0E /* caesarCipher_ex.cpp in Sources */ = {isa = PBXBuildFile; fileRef = 1FD5B1E8291AAC0700A14D0E /* caesarCipher_ex.cpp */; };
		1FD5B1ED291AB1B000A14D0E /* maxMin_ex.cpp in Sources */ = {isa = PBXBuildFile; fileRef = 1FD5B1EB291AB1B000A14D0E /* maxMin_ex.cpp */; };
		757D78AB29941B6C00EFD1A8 /* sorting_ex.cpp in Sources */ = {isa = PBXBuildFile; fileRef = 757D78A929941B6C00EFD1A8 /* sorting_ex.cpp */; };
		7582434C2957226700E97A4B /* array_manipulation_ex.cpp in Sources */ = {isa = PBXBuildFile; fileRef = 758243472957226700E97A4B /* array_manipulation_ex.cpp */; };
		7582434D2957226700E97A4B /* reverseArray_ex.cpp in Sources */ = {isa = PBXBuildFile; fileRef = 758243482957226700E97A4B /* reverseArray_ex.cpp */; };
		7582434E2957226700E97A4B /* sparse_arrays_ex.cpp in Sources */ = {isa = PBXBuildFile; fileRef = 758243492957226700E97A4B /* sparse_arrays_ex.cpp */; };
		7582434F2957226700E97A4B /* hourglassSum_ex.cpp in Sources */ = {isa = PBXBuildFile; fileRef = 7582434A2957226700E97A4B /* hourglassSum_ex.cpp */; };
		7593380D291C9D2A00846DBE /* dynamicArray_ex.cpp in Sources */ = {isa = PBXBuildFile; fileRef = 7593380B291C9D2900846DBE /* dynamicArray_ex.cpp */; };
		75E2DDD2291D1F0700574975 /* gridChallenge_ex.cpp in Sources */ = {isa = PBXBuildFile; fileRef = 75E2DDD0291D1F0700574975 /* gridChallenge_ex.cpp */; };
		75E2DDD5292FDB8C00574975 /* sumVsXor_ex.cpp in Sources */ = {isa = PBXBuildFile; fileRef = 75E2DDD3292FDB8C00574975 /* sumVsXor_ex.cpp */; };
		75E2DDD8292FF5B400574975 /* bomberman_Game_ex.cpp in Sources */ = {isa = PBXBuildFile; fileRef = 75E2DDD6292FF5B400574975 /* bomberman_Game_ex.cpp */; };
		FD1C08A22C075DD000BA7C42 /* array_func_ex.cpp in Sources */ = {isa = PBXBuildFile; fileRef = FD1C089F2C075DD000BA7C42 /* array_func_ex.cpp */; };
		FD1C08A62C07644100BA7C42 /* linkedList_ex.cpp in Sources */ = {isa = PBXBuildFile; fileRef = FD1C08A42C07644100BA7C42 /* linkedList_ex.cpp */; };
		FD9631742BF74DA400194C60 /* strings_func_ex.cpp in Sources */ = {isa = PBXBuildFile; fileRef = FD9631722BF74DA400194C60 /* strings_func_ex.cpp */; };
		FDBCED992C0A150400DFE62F /* transactionProcessor.cpp in Sources */ = {isa = PBXBuildFile; fileRef = FDBCED982C0A150400DFE62F /* transactionProcessor.cpp */; };
		FDBCEDE42C0A336800DFE62F /* readersWritersProblem.cpp in Sources */ = {isa = PBXBuildFile; fileRef = FDBCEDE32C0A336800DFE62F /* readersWritersProblem.cpp */; };
		FDBCEDE72C0A337700DFE62F /* multiThreading.cpp in Sources */ = {isa = PBXBuildFile; fileRef = FDBCEDE62C0A337700DFE62F /* multiThreading.cpp */; };
		FDBCEDEE2C0DF6C800DFE62F /* producerConsumerProblem.cpp in Sources */ = {isa = PBXBuildFile; fileRef = FDBCEDEC2C0DF6C800DFE62F /* producerConsumerProblem.cpp */; };
		FDBCEDF12C10AFD000DFE62F /* restaurantProblem.cpp in Sources */ = {isa = PBXBuildFile; fileRef = FDBCEDEF2C10AFD000DFE62F /* restaurantProblem.cpp */; };
/* End PBXBuildFile section */

/* Begin PBXCopyFilesBuildPhase section */
		1FC6B67D2913A8440090AB83 /* CopyFiles */ = {
			isa = PBXCopyFilesBuildPhase;
			buildActionMask = 2147483647;
			dstPath = /usr/share/man/man1/;
			dstSubfolderSpec = 0;
			files = (
			);
			runOnlyForDeploymentPostprocessing = 1;
		};
/* End PBXCopyFilesBuildPhase section */

/* Begin PBXFileReference section */
		1F1A8637295CB6BD003E5F1E /* tree_ex.hpp */ = {isa = PBXFileReference; fileEncoding = 4; lastKnownFileType = sourcecode.cpp.h; path = tree_ex.hpp; sourceTree = "<group>"; };
		1F1A8638295CB6BD003E5F1E /* tree_ex.cpp */ = {isa = PBXFileReference; fileEncoding = 4; lastKnownFileType = sourcecode.cpp.cpp; path = tree_ex.cpp; sourceTree = "<group>"; };
		1F1BD3E12922803D00EB0B7C /* recursiveDigitSum_ex.cpp */ = {isa = PBXFileReference; lastKnownFileType = sourcecode.cpp.cpp; path = recursiveDigitSum_ex.cpp; sourceTree = "<group>"; };
		1F1BD3E22922803D00EB0B7C /* recursiveDigitSum_ex.hpp */ = {isa = PBXFileReference; lastKnownFileType = sourcecode.cpp.h; path = recursiveDigitSum_ex.hpp; sourceTree = "<group>"; };
		1F662083291E471300A6C45D /* primeDates_ex.cpp */ = {isa = PBXFileReference; lastKnownFileType = sourcecode.cpp.cpp; path = primeDates_ex.cpp; sourceTree = "<group>"; };
		1F662084291E471300A6C45D /* primeDates_ex.hpp */ = {isa = PBXFileReference; lastKnownFileType = sourcecode.cpp.h; path = primeDates_ex.hpp; sourceTree = "<group>"; };
		1FC6B67F2913A8440090AB83 /* hackerrank */ = {isa = PBXFileReference; explicitFileType = "compiled.mach-o.executable"; includeInIndex = 0; path = hackerrank; sourceTree = BUILT_PRODUCTS_DIR; };
		1FC6B6822913A8440090AB83 /* main.cpp */ = {isa = PBXFileReference; lastKnownFileType = sourcecode.cpp.cpp; path = main.cpp; sourceTree = "<group>"; };
		1FD08EAF29897BA00096659E /* stack_ex.cpp */ = {isa = PBXFileReference; fileEncoding = 4; lastKnownFileType = sourcecode.cpp.cpp; path = stack_ex.cpp; sourceTree = "<group>"; };
		1FD08EB029897BA00096659E /* stack_ex.hpp */ = {isa = PBXFileReference; fileEncoding = 4; lastKnownFileType = sourcecode.cpp.h; path = stack_ex.hpp; sourceTree = "<group>"; };
		1FD5B1E8291AAC0700A14D0E /* caesarCipher_ex.cpp */ = {isa = PBXFileReference; lastKnownFileType = sourcecode.cpp.cpp; path = caesarCipher_ex.cpp; sourceTree = "<group>"; };
		1FD5B1E9291AAC0700A14D0E /* caesarCipher_ex.hpp */ = {isa = PBXFileReference; lastKnownFileType = sourcecode.cpp.h; path = caesarCipher_ex.hpp; sourceTree = "<group>"; };
		1FD5B1EB291AB1B000A14D0E /* maxMin_ex.cpp */ = {isa = PBXFileReference; lastKnownFileType = sourcecode.cpp.cpp; path = maxMin_ex.cpp; sourceTree = "<group>"; };
		1FD5B1EC291AB1B000A14D0E /* maxMin_ex.hpp */ = {isa = PBXFileReference; lastKnownFileType = sourcecode.cpp.h; path = maxMin_ex.hpp; sourceTree = "<group>"; };
		757D78A929941B6C00EFD1A8 /* sorting_ex.cpp */ = {isa = PBXFileReference; fileEncoding = 4; lastKnownFileType = sourcecode.cpp.cpp; path = sorting_ex.cpp; sourceTree = "<group>"; };
		757D78AA29941B6C00EFD1A8 /* sorting_ex.hpp */ = {isa = PBXFileReference; fileEncoding = 4; lastKnownFileType = sourcecode.cpp.h; path = sorting_ex.hpp; sourceTree = "<group>"; };
		758243442957226700E97A4B /* reverseArray_ex.hpp */ = {isa = PBXFileReference; fileEncoding = 4; lastKnownFileType = sourcecode.cpp.h; path = reverseArray_ex.hpp; sourceTree = "<group>"; };
		758243452957226700E97A4B /* hourglassSum_ex.hpp */ = {isa = PBXFileReference; fileEncoding = 4; lastKnownFileType = sourcecode.cpp.h; path = hourglassSum_ex.hpp; sourceTree = "<group>"; };
		758243462957226700E97A4B /* array_manipulation_ex.hpp */ = {isa = PBXFileReference; fileEncoding = 4; lastKnownFileType = sourcecode.cpp.h; path = array_manipulation_ex.hpp; sourceTree = "<group>"; };
		758243472957226700E97A4B /* array_manipulation_ex.cpp */ = {isa = PBXFileReference; fileEncoding = 4; lastKnownFileType = sourcecode.cpp.cpp; path = array_manipulation_ex.cpp; sourceTree = "<group>"; };
		758243482957226700E97A4B /* reverseArray_ex.cpp */ = {isa = PBXFileReference; fileEncoding = 4; lastKnownFileType = sourcecode.cpp.cpp; path = reverseArray_ex.cpp; sourceTree = "<group>"; };
		758243492957226700E97A4B /* sparse_arrays_ex.cpp */ = {isa = PBXFileReference; fileEncoding = 4; lastKnownFileType = sourcecode.cpp.cpp; path = sparse_arrays_ex.cpp; sourceTree = "<group>"; };
		7582434A2957226700E97A4B /* hourglassSum_ex.cpp */ = {isa = PBXFileReference; fileEncoding = 4; lastKnownFileType = sourcecode.cpp.cpp; path = hourglassSum_ex.cpp; sourceTree = "<group>"; };
		7582434B2957226700E97A4B /* sparse_arrays_ex.hpp */ = {isa = PBXFileReference; fileEncoding = 4; lastKnownFileType = sourcecode.cpp.h; path = sparse_arrays_ex.hpp; sourceTree = "<group>"; };
		7593380B291C9D2900846DBE /* dynamicArray_ex.cpp */ = {isa = PBXFileReference; lastKnownFileType = sourcecode.cpp.cpp; path = dynamicArray_ex.cpp; sourceTree = "<group>"; };
		7593380C291C9D2A00846DBE /* dynamicArray_ex.hpp */ = {isa = PBXFileReference; lastKnownFileType = sourcecode.cpp.h; path = dynamicArray_ex.hpp; sourceTree = "<group>"; };
		75E2DDD0291D1F0700574975 /* gridChallenge_ex.cpp */ = {isa = PBXFileReference; lastKnownFileType = sourcecode.cpp.cpp; path = gridChallenge_ex.cpp; sourceTree = "<group>"; };
		75E2DDD1291D1F0700574975 /* gridChallenge_ex.hpp */ = {isa = PBXFileReference; lastKnownFileType = sourcecode.cpp.h; path = gridChallenge_ex.hpp; sourceTree = "<group>"; };
		75E2DDD3292FDB8C00574975 /* sumVsXor_ex.cpp */ = {isa = PBXFileReference; lastKnownFileType = sourcecode.cpp.cpp; path = sumVsXor_ex.cpp; sourceTree = "<group>"; };
		75E2DDD4292FDB8C00574975 /* sumVsXor_ex.hpp */ = {isa = PBXFileReference; lastKnownFileType = sourcecode.cpp.h; path = sumVsXor_ex.hpp; sourceTree = "<group>"; };
		75E2DDD6292FF5B400574975 /* bomberman_Game_ex.cpp */ = {isa = PBXFileReference; lastKnownFileType = sourcecode.cpp.cpp; path = bomberman_Game_ex.cpp; sourceTree = "<group>"; };
		75E2DDD7292FF5B400574975 /* bomberman_Game_ex.hpp */ = {isa = PBXFileReference; lastKnownFileType = sourcecode.cpp.h; path = bomberman_Game_ex.hpp; sourceTree = "<group>"; };
		FD1C089F2C075DD000BA7C42 /* array_func_ex.cpp */ = {isa = PBXFileReference; fileEncoding = 4; lastKnownFileType = sourcecode.cpp.cpp; path = array_func_ex.cpp; sourceTree = "<group>"; };
		FD1C08A02C075DD000BA7C42 /* array_func_ex.hpp */ = {isa = PBXFileReference; fileEncoding = 4; lastKnownFileType = sourcecode.cpp.h; path = array_func_ex.hpp; sourceTree = "<group>"; };
		FD1C08A42C07644100BA7C42 /* linkedList_ex.cpp */ = {isa = PBXFileReference; fileEncoding = 4; lastKnownFileType = sourcecode.cpp.cpp; path = linkedList_ex.cpp; sourceTree = "<group>"; };
		FD1C08A52C07644100BA7C42 /* linkedList_ex.hpp */ = {isa = PBXFileReference; fileEncoding = 4; lastKnownFileType = sourcecode.cpp.h; path = linkedList_ex.hpp; sourceTree = "<group>"; };
		FD9631722BF74DA400194C60 /* strings_func_ex.cpp */ = {isa = PBXFileReference; lastKnownFileType = sourcecode.cpp.cpp; path = strings_func_ex.cpp; sourceTree = "<group>"; };
		FD9631732BF74DA400194C60 /* strings_func_ex.hpp */ = {isa = PBXFileReference; lastKnownFileType = sourcecode.cpp.h; path = strings_func_ex.hpp; sourceTree = "<group>"; };
		FDBCED972C0A150400DFE62F /* transactionProcessor.hpp */ = {isa = PBXFileReference; fileEncoding = 4; lastKnownFileType = sourcecode.cpp.h; path = transactionProcessor.hpp; sourceTree = "<group>"; };
		FDBCED982C0A150400DFE62F /* transactionProcessor.cpp */ = {isa = PBXFileReference; fileEncoding = 4; lastKnownFileType = sourcecode.cpp.cpp; path = transactionProcessor.cpp; sourceTree = "<group>"; };
		FDBCEDE22C0A336800DFE62F /* readersWritersProblem.hpp */ = {isa = PBXFileReference; fileEncoding = 4; lastKnownFileType = sourcecode.cpp.h; path = readersWritersProblem.hpp; sourceTree = "<group>"; };
		FDBCEDE32C0A336800DFE62F /* readersWritersProblem.cpp */ = {isa = PBXFileReference; fileEncoding = 4; lastKnownFileType = sourcecode.cpp.cpp; path = readersWritersProblem.cpp; sourceTree = "<group>"; };
		FDBCEDE52C0A337700DFE62F /* multiThreading.hpp */ = {isa = PBXFileReference; fileEncoding = 4; lastKnownFileType = sourcecode.cpp.h; path = multiThreading.hpp; sourceTree = "<group>"; };
		FDBCEDE62C0A337700DFE62F /* multiThreading.cpp */ = {isa = PBXFileReference; fileEncoding = 4; lastKnownFileType = sourcecode.cpp.cpp; path = multiThreading.cpp; sourceTree = "<group>"; };
		FDBCEDE92C0A34CE00DFE62F /* json.hpp */ = {isa = PBXFileReference; lastKnownFileType = sourcecode.cpp.h; path = json.hpp; sourceTree = "<group>"; };
		FDBCEDEC2C0DF6C800DFE62F /* producerConsumerProblem.cpp */ = {isa = PBXFileReference; lastKnownFileType = sourcecode.cpp.cpp; path = producerConsumerProblem.cpp; sourceTree = "<group>"; };
		FDBCEDED2C0DF6C800DFE62F /* producerConsumerProblem.hpp */ = {isa = PBXFileReference; lastKnownFileType = sourcecode.cpp.h; path = producerConsumerProblem.hpp; sourceTree = "<group>"; };
		FDBCEDEF2C10AFD000DFE62F /* restaurantProblem.cpp */ = {isa = PBXFileReference; lastKnownFileType = sourcecode.cpp.cpp; path = restaurantProblem.cpp; sourceTree = "<group>"; };
		FDBCEDF02C10AFD000DFE62F /* restaurantProblem.hpp */ = {isa = PBXFileReference; lastKnownFileType = sourcecode.cpp.h; path = restaurantProblem.hpp; sourceTree = "<group>"; };
/* End PBXFileReference section */

/* Begin PBXFrameworksBuildPhase section */
		1FC6B67C2913A8440090AB83 /* Frameworks */ = {
			isa = PBXFrameworksBuildPhase;
			buildActionMask = 2147483647;
			files = (
			);
			runOnlyForDeploymentPostprocessing = 0;
		};
/* End PBXFrameworksBuildPhase section */

/* Begin PBXGroup section */
		1FC6B6762913A8430090AB83 = {
			isa = PBXGroup;
			children = (
				1FC6B6812913A8440090AB83 /* hackerrank */,
				1FC6B6802913A8440090AB83 /* Products */,
				FDBCEDE82C0A34CD00DFE62F /* Frameworks */,
			);
			sourceTree = "<group>";
		};
		1FC6B6802913A8440090AB83 /* Products */ = {
			isa = PBXGroup;
			children = (
				1FC6B67F2913A8440090AB83 /* hackerrank */,
			);
			name = Products;
			sourceTree = "<group>";
		};
		1FC6B6812913A8440090AB83 /* hackerrank */ = {
			isa = PBXGroup;
			children = (
				FDBCEDF22C10AFDA00DFE62F /* threads */,
				FD1C08A72C07791400BA7C42 /* stack */,
				FD1C08A32C0763FA00BA7C42 /* linkedList */,
				FD1C08A12C075DD000BA7C42 /* array */,
				FD9631712BF74D5E00194C60 /* strings */,
				757D78A929941B6C00EFD1A8 /* sorting_ex.cpp */,
				757D78AA29941B6C00EFD1A8 /* sorting_ex.hpp */,
				1F1A8638295CB6BD003E5F1E /* tree_ex.cpp */,
				1F1A8637295CB6BD003E5F1E /* tree_ex.hpp */,
				7582434A2957226700E97A4B /* hourglassSum_ex.cpp */,
				758243452957226700E97A4B /* hourglassSum_ex.hpp */,
				1FC6B6822913A8440090AB83 /* main.cpp */,
				1FD5B1E8291AAC0700A14D0E /* caesarCipher_ex.cpp */,
				1FD5B1E9291AAC0700A14D0E /* caesarCipher_ex.hpp */,
				1FD5B1EB291AB1B000A14D0E /* maxMin_ex.cpp */,
				1FD5B1EC291AB1B000A14D0E /* maxMin_ex.hpp */,
				75E2DDD0291D1F0700574975 /* gridChallenge_ex.cpp */,
				75E2DDD1291D1F0700574975 /* gridChallenge_ex.hpp */,
				1F662083291E471300A6C45D /* primeDates_ex.cpp */,
				1F662084291E471300A6C45D /* primeDates_ex.hpp */,
				1F1BD3E12922803D00EB0B7C /* recursiveDigitSum_ex.cpp */,
				1F1BD3E22922803D00EB0B7C /* recursiveDigitSum_ex.hpp */,
				75E2DDD3292FDB8C00574975 /* sumVsXor_ex.cpp */,
				75E2DDD4292FDB8C00574975 /* sumVsXor_ex.hpp */,
				75E2DDD6292FF5B400574975 /* bomberman_Game_ex.cpp */,
				75E2DDD7292FF5B400574975 /* bomberman_Game_ex.hpp */,
			);
			path = hackerrank;
			sourceTree = "<group>";
		};
		FD1C08A12C075DD000BA7C42 /* array */ = {
			isa = PBXGroup;
			children = (
				758243472957226700E97A4B /* array_manipulation_ex.cpp */,
				758243462957226700E97A4B /* array_manipulation_ex.hpp */,
				758243482957226700E97A4B /* reverseArray_ex.cpp */,
				758243442957226700E97A4B /* reverseArray_ex.hpp */,
				758243492957226700E97A4B /* sparse_arrays_ex.cpp */,
				7582434B2957226700E97A4B /* sparse_arrays_ex.hpp */,
				7593380B291C9D2900846DBE /* dynamicArray_ex.cpp */,
				7593380C291C9D2A00846DBE /* dynamicArray_ex.hpp */,
				FD1C089F2C075DD000BA7C42 /* array_func_ex.cpp */,
				FD1C08A02C075DD000BA7C42 /* array_func_ex.hpp */,
			);
			path = array;
			sourceTree = "<group>";
		};
		FD1C08A32C0763FA00BA7C42 /* linkedList */ = {
			isa = PBXGroup;
			children = (
				FD1C08A42C07644100BA7C42 /* linkedList_ex.cpp */,
				FD1C08A52C07644100BA7C42 /* linkedList_ex.hpp */,
			);
			path = linkedList;
			sourceTree = "<group>";
		};
		FD1C08A72C07791400BA7C42 /* stack */ = {
			isa = PBXGroup;
			children = (
				1FD08EAF29897BA00096659E /* stack_ex.cpp */,
				1FD08EB029897BA00096659E /* stack_ex.hpp */,
			);
			path = stack;
			sourceTree = "<group>";
		};
		FD9631712BF74D5E00194C60 /* strings */ = {
			isa = PBXGroup;
			children = (
				FD9631722BF74DA400194C60 /* strings_func_ex.cpp */,
				FD9631732BF74DA400194C60 /* strings_func_ex.hpp */,
			);
			path = strings;
			sourceTree = "<group>";
		};
		FDBCEDE82C0A34CD00DFE62F /* Frameworks */ = {
			isa = PBXGroup;
			children = (
				FDBCEDEA2C0A34CE00DFE62F /* nlohmann_json */,
			);
			name = Frameworks;
			sourceTree = "<group>";
		};
		FDBCEDEA2C0A34CE00DFE62F /* nlohmann_json */ = {
			isa = PBXGroup;
			children = (
				FDBCEDE92C0A34CE00DFE62F /* json.hpp */,
			);
			name = nlohmann_json;
			path = "../telus/chr-provider-app/ios/Pods/FirebaseFirestoreInternal/Firestore/third_party/nlohmann_json";
			sourceTree = "<group>";
		};
		FDBCEDF22C10AFDA00DFE62F /* threads */ = {
			isa = PBXGroup;
			children = (
				FDBCEDED2C0DF6C800DFE62F /* producerConsumerProblem.hpp */,
				FDBCEDEC2C0DF6C800DFE62F /* producerConsumerProblem.cpp */,
				FDBCEDEF2C10AFD000DFE62F /* restaurantProblem.cpp */,
				FDBCEDF02C10AFD000DFE62F /* restaurantProblem.hpp */,
				FDBCEDE62C0A337700DFE62F /* multiThreading.cpp */,
				FDBCEDE52C0A337700DFE62F /* multiThreading.hpp */,
				FDBCEDE32C0A336800DFE62F /* readersWritersProblem.cpp */,
				FDBCEDE22C0A336800DFE62F /* readersWritersProblem.hpp */,
				FDBCED982C0A150400DFE62F /* transactionProcessor.cpp */,
				FDBCED972C0A150400DFE62F /* transactionProcessor.hpp */,
			);
			path = threads;
			sourceTree = "<group>";
		};
/* End PBXGroup section */

/* Begin PBXNativeTarget section */
		1FC6B67E2913A8440090AB83 /* hackerrank */ = {
			isa = PBXNativeTarget;
			buildConfigurationList = 1FC6B6862913A8440090AB83 /* Build configuration list for PBXNativeTarget "hackerrank" */;
			buildPhases = (
				1FC6B67B2913A8440090AB83 /* Sources */,
				1FC6B67C2913A8440090AB83 /* Frameworks */,
				1FC6B67D2913A8440090AB83 /* CopyFiles */,
			);
			buildRules = (
			);
			dependencies = (
			);
			name = hackerrank;
			productName = hackerrank;
			productReference = 1FC6B67F2913A8440090AB83 /* hackerrank */;
			productType = "com.apple.product-type.tool";
		};
/* End PBXNativeTarget section */

/* Begin PBXProject section */
		1FC6B6772913A8430090AB83 /* Project object */ = {
			isa = PBXProject;
			attributes = {
				BuildIndependentTargetsInParallel = 1;
				LastUpgradeCheck = 1410;
				TargetAttributes = {
					1FC6B67E2913A8440090AB83 = {
						CreatedOnToolsVersion = 14.1;
					};
				};
			};
			buildConfigurationList = 1FC6B67A2913A8430090AB83 /* Build configuration list for PBXProject "hackerrank" */;
			compatibilityVersion = "Xcode 14.0";
			developmentRegion = en;
			hasScannedForEncodings = 0;
			knownRegions = (
				en,
				Base,
			);
			mainGroup = 1FC6B6762913A8430090AB83;
			productRefGroup = 1FC6B6802913A8440090AB83 /* Products */;
			projectDirPath = "";
			projectRoot = "";
			targets = (
				1FC6B67E2913A8440090AB83 /* hackerrank */,
			);
		};
/* End PBXProject section */

/* Begin PBXSourcesBuildPhase section */
		1FC6B67B2913A8440090AB83 /* Sources */ = {
			isa = PBXSourcesBuildPhase;
			buildActionMask = 2147483647;
			files = (
				75E2DDD8292FF5B400574975 /* bomberman_Game_ex.cpp in Sources */,
				FD1C08A22C075DD000BA7C42 /* array_func_ex.cpp in Sources */,
				FDBCEDEE2C0DF6C800DFE62F /* producerConsumerProblem.cpp in Sources */,
				7582434C2957226700E97A4B /* array_manipulation_ex.cpp in Sources */,
				7593380D291C9D2A00846DBE /* dynamicArray_ex.cpp in Sources */,
				FDBCEDE72C0A337700DFE62F /* multiThreading.cpp in Sources */,
				FD1C08A62C07644100BA7C42 /* linkedList_ex.cpp in Sources */,
				FD9631742BF74DA400194C60 /* strings_func_ex.cpp in Sources */,
				FDBCEDF12C10AFD000DFE62F /* restaurantProblem.cpp in Sources */,
				7582434F2957226700E97A4B /* hourglassSum_ex.cpp in Sources */,
				1FD5B1ED291AB1B000A14D0E /* maxMin_ex.cpp in Sources */,
				1FC6B6832913A8440090AB83 /* main.cpp in Sources */,
				75E2DDD5292FDB8C00574975 /* sumVsXor_ex.cpp in Sources */,
				75E2DDD2291D1F0700574975 /* gridChallenge_ex.cpp in Sources */,
				FDBCEDE42C0A336800DFE62F /* readersWritersProblem.cpp in Sources */,
				FDBCED992C0A150400DFE62F /* transactionProcessor.cpp in Sources */,
				1F662085291E471300A6C45D /* primeDates_ex.cpp in Sources */,
				1F1A8639295CB6BD003E5F1E /* tree_ex.cpp in Sources */,
				7582434E2957226700E97A4B /* sparse_arrays_ex.cpp in Sources */,
				1F1BD3E32922803D00EB0B7C /* recursiveDigitSum_ex.cpp in Sources */,
				757D78AB29941B6C00EFD1A8 /* sorting_ex.cpp in Sources */,
				1FD5B1EA291AAC0700A14D0E /* caesarCipher_ex.cpp in Sources */,
				7582434D2957226700E97A4B /* reverseArray_ex.cpp in Sources */,
				1FD08EB129897BA00096659E /* stack_ex.cpp in Sources */,
			);
			runOnlyForDeploymentPostprocessing = 0;
		};
/* End PBXSourcesBuildPhase section */

/* Begin XCBuildConfiguration section */
		1FC6B6842913A8440090AB83 /* Debug */ = {
			isa = XCBuildConfiguration;
			buildSettings = {
				ALWAYS_SEARCH_USER_PATHS = NO;
				CLANG_ANALYZER_NONNULL = YES;
				CLANG_ANALYZER_NUMBER_OBJECT_CONVERSION = YES_AGGRESSIVE;
				CLANG_CXX_LANGUAGE_STANDARD = "gnu++20";
				CLANG_ENABLE_MODULES = YES;
				CLANG_ENABLE_OBJC_ARC = YES;
				CLANG_ENABLE_OBJC_WEAK = YES;
				CLANG_WARN_BLOCK_CAPTURE_AUTORELEASING = YES;
				CLANG_WARN_BOOL_CONVERSION = YES;
				CLANG_WARN_COMMA = YES;
				CLANG_WARN_CONSTANT_CONVERSION = YES;
				CLANG_WARN_DEPRECATED_OBJC_IMPLEMENTATIONS = YES;
				CLANG_WARN_DIRECT_OBJC_ISA_USAGE = YES_ERROR;
				CLANG_WARN_DOCUMENTATION_COMMENTS = YES;
				CLANG_WARN_EMPTY_BODY = YES;
				CLANG_WARN_ENUM_CONVERSION = YES;
				CLANG_WARN_INFINITE_RECURSION = YES;
				CLANG_WARN_INT_CONVERSION = YES;
				CLANG_WARN_NON_LITERAL_NULL_CONVERSION = YES;
				CLANG_WARN_OBJC_IMPLICIT_RETAIN_SELF = YES;
				CLANG_WARN_OBJC_LITERAL_CONVERSION = YES;
				CLANG_WARN_OBJC_ROOT_CLASS = YES_ERROR;
				CLANG_WARN_QUOTED_INCLUDE_IN_FRAMEWORK_HEADER = YES;
				CLANG_WARN_RANGE_LOOP_ANALYSIS = YES;
				CLANG_WARN_STRICT_PROTOTYPES = YES;
				CLANG_WARN_SUSPICIOUS_MOVE = YES;
				CLANG_WARN_UNGUARDED_AVAILABILITY = YES_AGGRESSIVE;
				CLANG_WARN_UNREACHABLE_CODE = YES;
				CLANG_WARN__DUPLICATE_METHOD_MATCH = YES;
				COPY_PHASE_STRIP = NO;
				DEBUG_INFORMATION_FORMAT = dwarf;
				ENABLE_STRICT_OBJC_MSGSEND = YES;
				ENABLE_TESTABILITY = YES;
				GCC_C_LANGUAGE_STANDARD = gnu11;
				GCC_DYNAMIC_NO_PIC = NO;
				GCC_NO_COMMON_BLOCKS = YES;
				GCC_OPTIMIZATION_LEVEL = 0;
				GCC_PREPROCESSOR_DEFINITIONS = (
					"DEBUG=1",
					"$(inherited)",
				);
				GCC_WARN_64_TO_32_BIT_CONVERSION = YES;
				GCC_WARN_ABOUT_RETURN_TYPE = YES_ERROR;
				GCC_WARN_UNDECLARED_SELECTOR = YES;
				GCC_WARN_UNINITIALIZED_AUTOS = YES_AGGRESSIVE;
				GCC_WARN_UNUSED_FUNCTION = YES;
				GCC_WARN_UNUSED_VARIABLE = YES;
				MACOSX_DEPLOYMENT_TARGET = 12.6;
				MTL_ENABLE_DEBUG_INFO = INCLUDE_SOURCE;
				MTL_FAST_MATH = YES;
				ONLY_ACTIVE_ARCH = YES;
				SDKROOT = macosx;
			};
			name = Debug;
		};
		1FC6B6852913A8440090AB83 /* Release */ = {
			isa = XCBuildConfiguration;
			buildSettings = {
				ALWAYS_SEARCH_USER_PATHS = NO;
				CLANG_ANALYZER_NONNULL = YES;
				CLANG_ANALYZER_NUMBER_OBJECT_CONVERSION = YES_AGGRESSIVE;
				CLANG_CXX_LANGUAGE_STANDARD = "gnu++20";
				CLANG_ENABLE_MODULES = YES;
				CLANG_ENABLE_OBJC_ARC = YES;
				CLANG_ENABLE_OBJC_WEAK = YES;
				CLANG_WARN_BLOCK_CAPTURE_AUTORELEASING = YES;
				CLANG_WARN_BOOL_CONVERSION = YES;
				CLANG_WARN_COMMA = YES;
				CLANG_WARN_CONSTANT_CONVERSION = YES;
				CLANG_WARN_DEPRECATED_OBJC_IMPLEMENTATIONS = YES;
				CLANG_WARN_DIRECT_OBJC_ISA_USAGE = YES_ERROR;
				CLANG_WARN_DOCUMENTATION_COMMENTS = YES;
				CLANG_WARN_EMPTY_BODY = YES;
				CLANG_WARN_ENUM_CONVERSION = YES;
				CLANG_WARN_INFINITE_RECURSION = YES;
				CLANG_WARN_INT_CONVERSION = YES;
				CLANG_WARN_NON_LITERAL_NULL_CONVERSION = YES;
				CLANG_WARN_OBJC_IMPLICIT_RETAIN_SELF = YES;
				CLANG_WARN_OBJC_LITERAL_CONVERSION = YES;
				CLANG_WARN_OBJC_ROOT_CLASS = YES_ERROR;
				CLANG_WARN_QUOTED_INCLUDE_IN_FRAMEWORK_HEADER = YES;
				CLANG_WARN_RANGE_LOOP_ANALYSIS = YES;
				CLANG_WARN_STRICT_PROTOTYPES = YES;
				CLANG_WARN_SUSPICIOUS_MOVE = YES;
				CLANG_WARN_UNGUARDED_AVAILABILITY = YES_AGGRESSIVE;
				CLANG_WARN_UNREACHABLE_CODE = YES;
				CLANG_WARN__DUPLICATE_METHOD_MATCH = YES;
				COPY_PHASE_STRIP = NO;
				DEBUG_INFORMATION_FORMAT = "dwarf-with-dsym";
				ENABLE_NS_ASSERTIONS = NO;
				ENABLE_STRICT_OBJC_MSGSEND = YES;
				GCC_C_LANGUAGE_STANDARD = gnu11;
				GCC_NO_COMMON_BLOCKS = YES;
				GCC_WARN_64_TO_32_BIT_CONVERSION = YES;
				GCC_WARN_ABOUT_RETURN_TYPE = YES_ERROR;
				GCC_WARN_UNDECLARED_SELECTOR = YES;
				GCC_WARN_UNINITIALIZED_AUTOS = YES_AGGRESSIVE;
				GCC_WARN_UNUSED_FUNCTION = YES;
				GCC_WARN_UNUSED_VARIABLE = YES;
				MACOSX_DEPLOYMENT_TARGET = 12.6;
				MTL_ENABLE_DEBUG_INFO = NO;
				MTL_FAST_MATH = YES;
				SDKROOT = macosx;
			};
			name = Release;
		};
		1FC6B6872913A8440090AB83 /* Debug */ = {
			isa = XCBuildConfiguration;
			buildSettings = {
				CODE_SIGN_STYLE = Automatic;
				PRODUCT_NAME = "$(TARGET_NAME)";
			};
			name = Debug;
		};
		1FC6B6882913A8440090AB83 /* Release */ = {
			isa = XCBuildConfiguration;
			buildSettings = {
				CODE_SIGN_STYLE = Automatic;
				PRODUCT_NAME = "$(TARGET_NAME)";
			};
			name = Release;
		};
/* End XCBuildConfiguration section */

/* Begin XCConfigurationList section */
		1FC6B67A2913A8430090AB83 /* Build configuration list for PBXProject "hackerrank" */ = {
			isa = XCConfigurationList;
			buildConfigurations = (
				1FC6B6842913A8440090AB83 /* Debug */,
				1FC6B6852913A8440090AB83 /* Release */,
			);
			defaultConfigurationIsVisible = 0;
			defaultConfigurationName = Release;
		};
		1FC6B6862913A8440090AB83 /* Build configuration list for PBXNativeTarget "hackerrank" */ = {
			isa = XCConfigurationList;
			buildConfigurations = (
				1FC6B6872913A8440090AB83 /* Debug */,
				1FC6B6882913A8440090AB83 /* Release */,
			);
			defaultConfigurationIsVisible = 0;
			defaultConfigurationName = Release;
		};
/* End XCConfigurationList section */
	};
	rootObject = 1FC6B6772913A8430090AB83 /* Project object */;
}
