// !$*UTF8*$!
{
	archiveVersion = 1;
	classes = {
	};
	objectVersion = 56;
	objects = {

/* Begin PBXBuildFile section */
		1FC6B6832913A8440090AB83 /* main.cpp in Sources */ = {isa = PBXBuildFile; fileRef = 1FC6B6822913A8440090AB83 /* main.cpp */; };
		1FD5B1EA291AAC0700A14D0E /* caesarCipher_ex.cpp in Sources */ = {isa = PBXBuildFile; fileRef = 1FD5B1E8291AAC0700A14D0E /* caesarCipher_ex.cpp */; };
		1FD5B1ED291AB1B000A14D0E /* maxMin_ex.cpp in Sources */ = {isa = PBXBuildFile; fileRef = 1FD5B1EB291AB1B000A14D0E /* maxMin_ex.cpp */; };
		7593380D291C9D2A00846DBE /* dynamicArray_ex.cpp in Sources */ = {isa = PBXBuildFile; fileRef = 7593380B291C9D2900846DBE /* dynamicArray_ex.cpp */; };
/* End PBXBuildFile section */

/* Begin PBXCopyFilesBuildPhase section */
		1FC6B67D2913A8440090AB83 /* CopyFiles */ = {
			isa = PBXCopyFilesBuildPhase;
			buildActionMask = 2147483647;
			dstPath = /usr/share/man/man1/;
			dstSubfolderSpec = 0;
			files = (
			);
			runOnlyForDeploymentPostprocessing = 1;
		};
/* End PBXCopyFilesBuildPhase section */

/* Begin PBXFileReference section */
		1FC6B67F2913A8440090AB83 /* hackerrank */ = {isa = PBXFileReference; explicitFileType = "compiled.mach-o.executable"; includeInIndex = 0; path = hackerrank; sourceTree = BUILT_PRODUCTS_DIR; };
		1FC6B6822913A8440090AB83 /* main.cpp */ = {isa = PBXFileReference; lastKnownFileType = sourcecode.cpp.cpp; path = main.cpp; sourceTree = "<group>"; };
		1FD5B1E8291AAC0700A14D0E /* caesarCipher_ex.cpp */ = {isa = PBXFileReference; lastKnownFileType = sourcecode.cpp.cpp; path = caesarCipher_ex.cpp; sourceTree = "<group>"; };
		1FD5B1E9291AAC0700A14D0E /* caesarCipher_ex.hpp */ = {isa = PBXFileReference; lastKnownFileType = sourcecode.cpp.h; path = caesarCipher_ex.hpp; sourceTree = "<group>"; };
		1FD5B1EB291AB1B000A14D0E /* maxMin_ex.cpp */ = {isa = PBXFileReference; lastKnownFileType = sourcecode.cpp.cpp; path = maxMin_ex.cpp; sourceTree = "<group>"; };
		1FD5B1EC291AB1B000A14D0E /* maxMin_ex.hpp */ = {isa = PBXFileReference; lastKnownFileType = sourcecode.cpp.h; path = maxMin_ex.hpp; sourceTree = "<group>"; };
		7593380B291C9D2900846DBE /* dynamicArray_ex.cpp */ = {isa = PBXFileReference; lastKnownFileType = sourcecode.cpp.cpp; path = dynamicArray_ex.cpp; sourceTree = "<group>"; };
		7593380C291C9D2A00846DBE /* dynamicArray_ex.hpp */ = {isa = PBXFileReference; lastKnownFileType = sourcecode.cpp.h; path = dynamicArray_ex.hpp; sourceTree = "<group>"; };
/* End PBXFileReference section */

/* Begin PBXFrameworksBuildPhase section */
		1FC6B67C2913A8440090AB83 /* Frameworks */ = {
			isa = PBXFrameworksBuildPhase;
			buildActionMask = 2147483647;
			files = (
			);
			runOnlyForDeploymentPostprocessing = 0;
		};
/* End PBXFrameworksBuildPhase section */

/* Begin PBXGroup section */
		1FC6B6762913A8430090AB83 = {
			isa = PBXGroup;
			children = (
				1FC6B6812913A8440090AB83 /* hackerrank */,
				1FC6B6802913A8440090AB83 /* Products */,
			);
			sourceTree = "<group>";
		};
		1FC6B6802913A8440090AB83 /* Products */ = {
			isa = PBXGroup;
			children = (
				1FC6B67F2913A8440090AB83 /* hackerrank */,
			);
			name = Products;
			sourceTree = "<group>";
		};
		1FC6B6812913A8440090AB83 /* hackerrank */ = {
			isa = PBXGroup;
			children = (
				1FC6B6822913A8440090AB83 /* main.cpp */,
				1FD5B1E8291AAC0700A14D0E /* caesarCipher_ex.cpp */,
				1FD5B1E9291AAC0700A14D0E /* caesarCipher_ex.hpp */,
				1FD5B1EB291AB1B000A14D0E /* maxMin_ex.cpp */,
				1FD5B1EC291AB1B000A14D0E /* maxMin_ex.hpp */,
				7593380B291C9D2900846DBE /* dynamicArray_ex.cpp */,
				7593380C291C9D2A00846DBE /* dynamicArray_ex.hpp */,
			);
			path = hackerrank;
			sourceTree = "<group>";
		};
/* End PBXGroup section */

/* Begin PBXNativeTarget section */
		1FC6B67E2913A8440090AB83 /* hackerrank */ = {
			isa = PBXNativeTarget;
			buildConfigurationList = 1FC6B6862913A8440090AB83 /* Build configuration list for PBXNativeTarget "hackerrank" */;
			buildPhases = (
				1FC6B67B2913A8440090AB83 /* Sources */,
				1FC6B67C2913A8440090AB83 /* Frameworks */,
				1FC6B67D2913A8440090AB83 /* CopyFiles */,
			);
			buildRules = (
			);
			dependencies = (
			);
			name = hackerrank;
			productName = hackerrank;
			productReference = 1FC6B67F2913A8440090AB83 /* hackerrank */;
			productType = "com.apple.product-type.tool";
		};
/* End PBXNativeTarget section */

/* Begin PBXProject section */
		1FC6B6772913A8430090AB83 /* Project object */ = {
			isa = PBXProject;
			attributes = {
				BuildIndependentTargetsInParallel = 1;
				LastUpgradeCheck = 1410;
				TargetAttributes = {
					1FC6B67E2913A8440090AB83 = {
						CreatedOnToolsVersion = 14.1;
					};
				};
			};
			buildConfigurationList = 1FC6B67A2913A8430090AB83 /* Build configuration list for PBXProject "hackerrank" */;
			compatibilityVersion = "Xcode 14.0";
			developmentRegion = en;
			hasScannedForEncodings = 0;
			knownRegions = (
				en,
				Base,
			);
			mainGroup = 1FC6B6762913A8430090AB83;
			productRefGroup = 1FC6B6802913A8440090AB83 /* Products */;
			projectDirPath = "";
			projectRoot = "";
			targets = (
				1FC6B67E2913A8440090AB83 /* hackerrank */,
			);
		};
/* End PBXProject section */

/* Begin PBXSourcesBuildPhase section */
		1FC6B67B2913A8440090AB83 /* Sources */ = {
			isa = PBXSourcesBuildPhase;
			buildActionMask = 2147483647;
			files = (
				7593380D291C9D2A00846DBE /* dynamicArray_ex.cpp in Sources */,
				1FD5B1ED291AB1B000A14D0E /* maxMin_ex.cpp in Sources */,
				1FC6B6832913A8440090AB83 /* main.cpp in Sources */,
				1FD5B1EA291AAC0700A14D0E /* caesarCipher_ex.cpp in Sources */,
			);
			runOnlyForDeploymentPostprocessing = 0;
		};
/* End PBXSourcesBuildPhase section */

/* Begin XCBuildConfiguration section */
		1FC6B6842913A8440090AB83 /* Debug */ = {
			isa = XCBuildConfiguration;
			buildSettings = {
				ALWAYS_SEARCH_USER_PATHS = NO;
				CLANG_ANALYZER_NONNULL = YES;
				CLANG_ANALYZER_NUMBER_OBJECT_CONVERSION = YES_AGGRESSIVE;
				CLANG_CXX_LANGUAGE_STANDARD = "gnu++20";
				CLANG_ENABLE_MODULES = YES;
				CLANG_ENABLE_OBJC_ARC = YES;
				CLANG_ENABLE_OBJC_WEAK = YES;
				CLANG_WARN_BLOCK_CAPTURE_AUTORELEASING = YES;
				CLANG_WARN_BOOL_CONVERSION = YES;
				CLANG_WARN_COMMA = YES;
				CLANG_WARN_CONSTANT_CONVERSION = YES;
				CLANG_WARN_DEPRECATED_OBJC_IMPLEMENTATIONS = YES;
				CLANG_WARN_DIRECT_OBJC_ISA_USAGE = YES_ERROR;
				CLANG_WARN_DOCUMENTATION_COMMENTS = YES;
				CLANG_WARN_EMPTY_BODY = YES;
				CLANG_WARN_ENUM_CONVERSION = YES;
				CLANG_WARN_INFINITE_RECURSION = YES;
				CLANG_WARN_INT_CONVERSION = YES;
				CLANG_WARN_NON_LITERAL_NULL_CONVERSION = YES;
				CLANG_WARN_OBJC_IMPLICIT_RETAIN_SELF = YES;
				CLANG_WARN_OBJC_LITERAL_CONVERSION = YES;
				CLANG_WARN_OBJC_ROOT_CLASS = YES_ERROR;
				CLANG_WARN_QUOTED_INCLUDE_IN_FRAMEWORK_HEADER = YES;
				CLANG_WARN_RANGE_LOOP_ANALYSIS = YES;
				CLANG_WARN_STRICT_PROTOTYPES = YES;
				CLANG_WARN_SUSPICIOUS_MOVE = YES;
				CLANG_WARN_UNGUARDED_AVAILABILITY = YES_AGGRESSIVE;
				CLANG_WARN_UNREACHABLE_CODE = YES;
				CLANG_WARN__DUPLICATE_METHOD_MATCH = YES;
				COPY_PHASE_STRIP = NO;
				DEBUG_INFORMATION_FORMAT = dwarf;
				ENABLE_STRICT_OBJC_MSGSEND = YES;
				ENABLE_TESTABILITY = YES;
				GCC_C_LANGUAGE_STANDARD = gnu11;
				GCC_DYNAMIC_NO_PIC = NO;
				GCC_NO_COMMON_BLOCKS = YES;
				GCC_OPTIMIZATION_LEVEL = 0;
				GCC_PREPROCESSOR_DEFINITIONS = (
					"DEBUG=1",
					"$(inherited)",
				);
				GCC_WARN_64_TO_32_BIT_CONVERSION = YES;
				GCC_WARN_ABOUT_RETURN_TYPE = YES_ERROR;
				GCC_WARN_UNDECLARED_SELECTOR = YES;
				GCC_WARN_UNINITIALIZED_AUTOS = YES_AGGRESSIVE;
				GCC_WARN_UNUSED_FUNCTION = YES;
				GCC_WARN_UNUSED_VARIABLE = YES;
				MACOSX_DEPLOYMENT_TARGET = 12.6;
				MTL_ENABLE_DEBUG_INFO = INCLUDE_SOURCE;
				MTL_FAST_MATH = YES;
				ONLY_ACTIVE_ARCH = YES;
				SDKROOT = macosx;
			};
			name = Debug;
		};
		1FC6B6852913A8440090AB83 /* Release */ = {
			isa = XCBuildConfiguration;
			buildSettings = {
				ALWAYS_SEARCH_USER_PATHS = NO;
				CLANG_ANALYZER_NONNULL = YES;
				CLANG_ANALYZER_NUMBER_OBJECT_CONVERSION = YES_AGGRESSIVE;
				CLANG_CXX_LANGUAGE_STANDARD = "gnu++20";
				CLANG_ENABLE_MODULES = YES;
				CLANG_ENABLE_OBJC_ARC = YES;
				CLANG_ENABLE_OBJC_WEAK = YES;
				CLANG_WARN_BLOCK_CAPTURE_AUTORELEASING = YES;
				CLANG_WARN_BOOL_CONVERSION = YES;
				CLANG_WARN_COMMA = YES;
				CLANG_WARN_CONSTANT_CONVERSION = YES;
				CLANG_WARN_DEPRECATED_OBJC_IMPLEMENTATIONS = YES;
				CLANG_WARN_DIRECT_OBJC_ISA_USAGE = YES_ERROR;
				CLANG_WARN_DOCUMENTATION_COMMENTS = YES;
				CLANG_WARN_EMPTY_BODY = YES;
				CLANG_WARN_ENUM_CONVERSION = YES;
				CLANG_WARN_INFINITE_RECURSION = YES;
				CLANG_WARN_INT_CONVERSION = YES;
				CLANG_WARN_NON_LITERAL_NULL_CONVERSION = YES;
				CLANG_WARN_OBJC_IMPLICIT_RETAIN_SELF = YES;
				CLANG_WARN_OBJC_LITERAL_CONVERSION = YES;
				CLANG_WARN_OBJC_ROOT_CLASS = YES_ERROR;
				CLANG_WARN_QUOTED_INCLUDE_IN_FRAMEWORK_HEADER = YES;
				CLANG_WARN_RANGE_LOOP_ANALYSIS = YES;
				CLANG_WARN_STRICT_PROTOTYPES = YES;
				CLANG_WARN_SUSPICIOUS_MOVE = YES;
				CLANG_WARN_UNGUARDED_AVAILABILITY = YES_AGGRESSIVE;
				CLANG_WARN_UNREACHABLE_CODE = YES;
				CLANG_WARN__DUPLICATE_METHOD_MATCH = YES;
				COPY_PHASE_STRIP = NO;
				DEBUG_INFORMATION_FORMAT = "dwarf-with-dsym";
				ENABLE_NS_ASSERTIONS = NO;
				ENABLE_STRICT_OBJC_MSGSEND = YES;
				GCC_C_LANGUAGE_STANDARD = gnu11;
				GCC_NO_COMMON_BLOCKS = YES;
				GCC_WARN_64_TO_32_BIT_CONVERSION = YES;
				GCC_WARN_ABOUT_RETURN_TYPE = YES_ERROR;
				GCC_WARN_UNDECLARED_SELECTOR = YES;
				GCC_WARN_UNINITIALIZED_AUTOS = YES_AGGRESSIVE;
				GCC_WARN_UNUSED_FUNCTION = YES;
				GCC_WARN_UNUSED_VARIABLE = YES;
				MACOSX_DEPLOYMENT_TARGET = 12.6;
				MTL_ENABLE_DEBUG_INFO = NO;
				MTL_FAST_MATH = YES;
				SDKROOT = macosx;
			};
			name = Release;
		};
		1FC6B6872913A8440090AB83 /* Debug */ = {
			isa = XCBuildConfiguration;
			buildSettings = {
				CODE_SIGN_STYLE = Automatic;
				PRODUCT_NAME = "$(TARGET_NAME)";
			};
			name = Debug;
		};
		1FC6B6882913A8440090AB83 /* Release */ = {
			isa = XCBuildConfiguration;
			buildSettings = {
				CODE_SIGN_STYLE = Automatic;
				PRODUCT_NAME = "$(TARGET_NAME)";
			};
			name = Release;
		};
/* End XCBuildConfiguration section */

/* Begin XCConfigurationList section */
		1FC6B67A2913A8430090AB83 /* Build configuration list for PBXProject "hackerrank" */ = {
			isa = XCConfigurationList;
			buildConfigurations = (
				1FC6B6842913A8440090AB83 /* Debug */,
				1FC6B6852913A8440090AB83 /* Release */,
			);
			defaultConfigurationIsVisible = 0;
			defaultConfigurationName = Release;
		};
		1FC6B6862913A8440090AB83 /* Build configuration list for PBXNativeTarget "hackerrank" */ = {
			isa = XCConfigurationList;
			buildConfigurations = (
				1FC6B6872913A8440090AB83 /* Debug */,
				1FC6B6882913A8440090AB83 /* Release */,
			);
			defaultConfigurationIsVisible = 0;
			defaultConfigurationName = Release;
		};
/* End XCConfigurationList section */
	};
	rootObject = 1FC6B6772913A8430090AB83 /* Project object */;
}
